// !$*UTF8*$!
{
	archiveVersion = 1;
	classes = {
	};
	objectVersion = 55;
	objects = {

/* Begin PBXBuildFile section */
		E6706BA828A0E3370084139D /* API.swift in Sources */ = {isa = PBXBuildFile; fileRef = E6706BA728A0E3370084139D /* API.swift */; };
		E6706BAB28A0E7500084139D /* Login.swift in Sources */ = {isa = PBXBuildFile; fileRef = E6706BAA28A0E7500084139D /* Login.swift */; };
		E6706BAD28A10DDE0084139D /* Repositories.swift in Sources */ = {isa = PBXBuildFile; fileRef = E6706BAC28A10DDE0084139D /* Repositories.swift */; };
		E6706BB028A124BA0084139D /* RepositoriesCell.swift in Sources */ = {isa = PBXBuildFile; fileRef = E6706BAF28A124BA0084139D /* RepositoriesCell.swift */; };
		E6706BB328A12FE40084139D /* ColorToHex.swift in Sources */ = {isa = PBXBuildFile; fileRef = E6706BB228A12FE40084139D /* ColorToHex.swift */; };
		E6706BB528A152B30084139D /* DetailView.swift in Sources */ = {isa = PBXBuildFile; fileRef = E6706BB428A152B30084139D /* DetailView.swift */; };
		E6706BB728A16D1F0084139D /* CommitsTableView.swift in Sources */ = {isa = PBXBuildFile; fileRef = E6706BB628A16D1F0084139D /* CommitsTableView.swift */; };
		E6706BB928A16E0B0084139D /* CommitsCell.swift in Sources */ = {isa = PBXBuildFile; fileRef = E6706BB828A16E0B0084139D /* CommitsCell.swift */; };
		E6706BBB28A16E310084139D /* Commits.swift in Sources */ = {isa = PBXBuildFile; fileRef = E6706BBA28A16E310084139D /* Commits.swift */; };
		E6F1E60828A0473700EA1CE8 /* AppDelegate.swift in Sources */ = {isa = PBXBuildFile; fileRef = E6F1E60728A0473700EA1CE8 /* AppDelegate.swift */; };
		E6F1E60A28A0473700EA1CE8 /* SceneDelegate.swift in Sources */ = {isa = PBXBuildFile; fileRef = E6F1E60928A0473700EA1CE8 /* SceneDelegate.swift */; };
		E6F1E60C28A0473700EA1CE8 /* ViewController.swift in Sources */ = {isa = PBXBuildFile; fileRef = E6F1E60B28A0473700EA1CE8 /* ViewController.swift */; };
		E6F1E61128A0473900EA1CE8 /* Assets.xcassets in Resources */ = {isa = PBXBuildFile; fileRef = E6F1E61028A0473900EA1CE8 /* Assets.xcassets */; };
		E6F1E61428A0473900EA1CE8 /* LaunchScreen.storyboard in Resources */ = {isa = PBXBuildFile; fileRef = E6F1E61228A0473900EA1CE8 /* LaunchScreen.storyboard */; };
		E6F1E61C28A04AA300EA1CE8 /* LoginPageOauth.swift in Sources */ = {isa = PBXBuildFile; fileRef = E6F1E61B28A04AA300EA1CE8 /* LoginPageOauth.swift */; };
		E6F1E61E28A051A900EA1CE8 /* MainPage.swift in Sources */ = {isa = PBXBuildFile; fileRef = E6F1E61D28A051A900EA1CE8 /* MainPage.swift */; };
/* End PBXBuildFile section */

/* Begin PBXFileReference section */
		E6706BA728A0E3370084139D /* API.swift */ = {isa = PBXFileReference; lastKnownFileType = sourcecode.swift; path = API.swift; sourceTree = "<group>"; };
		E6706BAA28A0E7500084139D /* Login.swift */ = {isa = PBXFileReference; lastKnownFileType = sourcecode.swift; path = Login.swift; sourceTree = "<group>"; };
		E6706BAC28A10DDE0084139D /* Repositories.swift */ = {isa = PBXFileReference; lastKnownFileType = sourcecode.swift; path = Repositories.swift; sourceTree = "<group>"; };
		E6706BAF28A124BA0084139D /* RepositoriesCell.swift */ = {isa = PBXFileReference; lastKnownFileType = sourcecode.swift; path = RepositoriesCell.swift; sourceTree = "<group>"; };
		E6706BB228A12FE40084139D /* ColorToHex.swift */ = {isa = PBXFileReference; lastKnownFileType = sourcecode.swift; path = ColorToHex.swift; sourceTree = "<group>"; };
		E6706BB428A152B30084139D /* DetailView.swift */ = {isa = PBXFileReference; lastKnownFileType = sourcecode.swift; path = DetailView.swift; sourceTree = "<group>"; };
		E6706BB628A16D1F0084139D /* CommitsTableView.swift */ = {isa = PBXFileReference; lastKnownFileType = sourcecode.swift; path = CommitsTableView.swift; sourceTree = "<group>"; };
		E6706BB828A16E0B0084139D /* CommitsCell.swift */ = {isa = PBXFileReference; lastKnownFileType = sourcecode.swift; path = CommitsCell.swift; sourceTree = "<group>"; };
		E6706BBA28A16E310084139D /* Commits.swift */ = {isa = PBXFileReference; lastKnownFileType = sourcecode.swift; path = Commits.swift; sourceTree = "<group>"; };
		E6F1E60428A0473700EA1CE8 /* GitHubClient.app */ = {isa = PBXFileReference; explicitFileType = wrapper.application; includeInIndex = 0; path = GitHubClient.app; sourceTree = BUILT_PRODUCTS_DIR; };
		E6F1E60728A0473700EA1CE8 /* AppDelegate.swift */ = {isa = PBXFileReference; lastKnownFileType = sourcecode.swift; path = AppDelegate.swift; sourceTree = "<group>"; };
		E6F1E60928A0473700EA1CE8 /* SceneDelegate.swift */ = {isa = PBXFileReference; lastKnownFileType = sourcecode.swift; path = SceneDelegate.swift; sourceTree = "<group>"; };
		E6F1E60B28A0473700EA1CE8 /* ViewController.swift */ = {isa = PBXFileReference; lastKnownFileType = sourcecode.swift; path = ViewController.swift; sourceTree = "<group>"; };
		E6F1E61028A0473900EA1CE8 /* Assets.xcassets */ = {isa = PBXFileReference; lastKnownFileType = folder.assetcatalog; path = Assets.xcassets; sourceTree = "<group>"; };
		E6F1E61328A0473900EA1CE8 /* Base */ = {isa = PBXFileReference; lastKnownFileType = file.storyboard; name = Base; path = Base.lproj/LaunchScreen.storyboard; sourceTree = "<group>"; };
		E6F1E61528A0473900EA1CE8 /* Info.plist */ = {isa = PBXFileReference; lastKnownFileType = text.plist.xml; path = Info.plist; sourceTree = "<group>"; };
		E6F1E61B28A04AA300EA1CE8 /* LoginPageOauth.swift */ = {isa = PBXFileReference; lastKnownFileType = sourcecode.swift; path = LoginPageOauth.swift; sourceTree = "<group>"; };
		E6F1E61D28A051A900EA1CE8 /* MainPage.swift */ = {isa = PBXFileReference; lastKnownFileType = sourcecode.swift; path = MainPage.swift; sourceTree = "<group>"; };
/* End PBXFileReference section */

/* Begin PBXFrameworksBuildPhase section */
		E6F1E60128A0473700EA1CE8 /* Frameworks */ = {
			isa = PBXFrameworksBuildPhase;
			buildActionMask = 2147483647;
			files = (
			);
			runOnlyForDeploymentPostprocessing = 0;
		};
/* End PBXFrameworksBuildPhase section */

/* Begin PBXGroup section */
		E6706BA528A0E3290084139D /* API */ = {
			isa = PBXGroup;
			children = (
				E6706BA628A0E32D0084139D /* Services */,
			);
			path = API;
			sourceTree = "<group>";
		};
		E6706BA628A0E32D0084139D /* Services */ = {
			isa = PBXGroup;
			children = (
				E6706BA728A0E3370084139D /* API.swift */,
			);
			path = Services;
			sourceTree = "<group>";
		};
		E6706BA928A0E73F0084139D /* Models */ = {
			isa = PBXGroup;
			children = (
				E6706BAA28A0E7500084139D /* Login.swift */,
				E6706BAC28A10DDE0084139D /* Repositories.swift */,
				E6706BBA28A16E310084139D /* Commits.swift */,
			);
			path = Models;
			sourceTree = "<group>";
		};
		E6706BAE28A124A90084139D /* TableCell */ = {
			isa = PBXGroup;
			children = (
				E6706BAF28A124BA0084139D /* RepositoriesCell.swift */,
				E6706BB828A16E0B0084139D /* CommitsCell.swift */,
			);
			path = TableCell;
			sourceTree = "<group>";
		};
		E6706BB128A12FCE0084139D /* Extension */ = {
			isa = PBXGroup;
			children = (
				E6706BB228A12FE40084139D /* ColorToHex.swift */,
			);
			path = Extension;
			sourceTree = "<group>";
		};
		E6F1E5FB28A0473700EA1CE8 = {
			isa = PBXGroup;
			children = (
				E6F1E60628A0473700EA1CE8 /* GitHubClient */,
				E6F1E60528A0473700EA1CE8 /* Products */,
			);
			sourceTree = "<group>";
		};
		E6F1E60528A0473700EA1CE8 /* Products */ = {
			isa = PBXGroup;
			children = (
				E6F1E60428A0473700EA1CE8 /* GitHubClient.app */,
			);
			name = Products;
			sourceTree = "<group>";
		};
		E6F1E60628A0473700EA1CE8 /* GitHubClient */ = {
			isa = PBXGroup;
			children = (
				E6706BB128A12FCE0084139D /* Extension */,
				E6706BAE28A124A90084139D /* TableCell */,
				E6706BA928A0E73F0084139D /* Models */,
				E6706BA528A0E3290084139D /* API */,
				E6F1E61F28A066EC00EA1CE8 /* Views */,
				E6F1E60728A0473700EA1CE8 /* AppDelegate.swift */,
				E6F1E60928A0473700EA1CE8 /* SceneDelegate.swift */,
				E6F1E61028A0473900EA1CE8 /* Assets.xcassets */,
				E6F1E61228A0473900EA1CE8 /* LaunchScreen.storyboard */,
				E6F1E61528A0473900EA1CE8 /* Info.plist */,
			);
			path = GitHubClient;
			sourceTree = "<group>";
		};
		E6F1E61F28A066EC00EA1CE8 /* Views */ = {
			isa = PBXGroup;
			children = (
				E6F1E61D28A051A900EA1CE8 /* MainPage.swift */,
				E6F1E60B28A0473700EA1CE8 /* ViewController.swift */,
				E6F1E61B28A04AA300EA1CE8 /* LoginPageOauth.swift */,
				E6706BB428A152B30084139D /* DetailView.swift */,
				E6706BB628A16D1F0084139D /* CommitsTableView.swift */,
			);
			path = Views;
			sourceTree = "<group>";
		};
/* End PBXGroup section */

/* Begin PBXNativeTarget section */
		E6F1E60328A0473700EA1CE8 /* GitHubClient */ = {
			isa = PBXNativeTarget;
			buildConfigurationList = E6F1E61828A0473900EA1CE8 /* Build configuration list for PBXNativeTarget "GitHubClient" */;
			buildPhases = (
				E6F1E60028A0473700EA1CE8 /* Sources */,
				E6F1E60128A0473700EA1CE8 /* Frameworks */,
				E6F1E60228A0473700EA1CE8 /* Resources */,
			);
			buildRules = (
			);
			dependencies = (
			);
			name = GitHubClient;
			productName = GitHubClient;
			productReference = E6F1E60428A0473700EA1CE8 /* GitHubClient.app */;
			productType = "com.apple.product-type.application";
		};
/* End PBXNativeTarget section */

/* Begin PBXProject section */
		E6F1E5FC28A0473700EA1CE8 /* Project object */ = {
			isa = PBXProject;
			attributes = {
				BuildIndependentTargetsInParallel = 1;
				LastSwiftUpdateCheck = 1340;
				LastUpgradeCheck = 1340;
				TargetAttributes = {
					E6F1E60328A0473700EA1CE8 = {
						CreatedOnToolsVersion = 13.4.1;
					};
				};
			};
			buildConfigurationList = E6F1E5FF28A0473700EA1CE8 /* Build configuration list for PBXProject "GitHubClient" */;
			compatibilityVersion = "Xcode 13.0";
			developmentRegion = en;
			hasScannedForEncodings = 0;
			knownRegions = (
				en,
				Base,
			);
			mainGroup = E6F1E5FB28A0473700EA1CE8;
			productRefGroup = E6F1E60528A0473700EA1CE8 /* Products */;
			projectDirPath = "";
			projectRoot = "";
			targets = (
				E6F1E60328A0473700EA1CE8 /* GitHubClient */,
			);
		};
/* End PBXProject section */

/* Begin PBXResourcesBuildPhase section */
		E6F1E60228A0473700EA1CE8 /* Resources */ = {
			isa = PBXResourcesBuildPhase;
			buildActionMask = 2147483647;
			files = (
				E6F1E61428A0473900EA1CE8 /* LaunchScreen.storyboard in Resources */,
				E6F1E61128A0473900EA1CE8 /* Assets.xcassets in Resources */,
			);
			runOnlyForDeploymentPostprocessing = 0;
		};
/* End PBXResourcesBuildPhase section */

/* Begin PBXSourcesBuildPhase section */
		E6F1E60028A0473700EA1CE8 /* Sources */ = {
			isa = PBXSourcesBuildPhase;
			buildActionMask = 2147483647;
			files = (
				E6706BB728A16D1F0084139D /* CommitsTableView.swift in Sources */,
				E6706BAB28A0E7500084139D /* Login.swift in Sources */,
				E6F1E61E28A051A900EA1CE8 /* MainPage.swift in Sources */,
				E6F1E60C28A0473700EA1CE8 /* ViewController.swift in Sources */,
				E6F1E60828A0473700EA1CE8 /* AppDelegate.swift in Sources */,
				E6706BB928A16E0B0084139D /* CommitsCell.swift in Sources */,
				E6706BBB28A16E310084139D /* Commits.swift in Sources */,
				E6706BB328A12FE40084139D /* ColorToHex.swift in Sources */,
				E6706BB528A152B30084139D /* DetailView.swift in Sources */,
				E6F1E61C28A04AA300EA1CE8 /* LoginPageOauth.swift in Sources */,
				E6706BAD28A10DDE0084139D /* Repositories.swift in Sources */,
				E6706BA828A0E3370084139D /* API.swift in Sources */,
				E6F1E60A28A0473700EA1CE8 /* SceneDelegate.swift in Sources */,
				E6706BB028A124BA0084139D /* RepositoriesCell.swift in Sources */,
			);
			runOnlyForDeploymentPostprocessing = 0;
		};
/* End PBXSourcesBuildPhase section */

/* Begin PBXVariantGroup section */
		E6F1E61228A0473900EA1CE8 /* LaunchScreen.storyboard */ = {
			isa = PBXVariantGroup;
			children = (
				E6F1E61328A0473900EA1CE8 /* Base */,
			);
			name = LaunchScreen.storyboard;
			sourceTree = "<group>";
		};
/* End PBXVariantGroup section */

/* Begin XCBuildConfiguration section */
		E6F1E61628A0473900EA1CE8 /* Debug */ = {
			isa = XCBuildConfiguration;
			buildSettings = {
				ALWAYS_SEARCH_USER_PATHS = NO;
				CLANG_ANALYZER_NONNULL = YES;
				CLANG_ANALYZER_NUMBER_OBJECT_CONVERSION = YES_AGGRESSIVE;
				CLANG_CXX_LANGUAGE_STANDARD = "gnu++17";
				CLANG_ENABLE_MODULES = YES;
				CLANG_ENABLE_OBJC_ARC = YES;
				CLANG_ENABLE_OBJC_WEAK = YES;
				CLANG_WARN_BLOCK_CAPTURE_AUTORELEASING = YES;
				CLANG_WARN_BOOL_CONVERSION = YES;
				CLANG_WARN_COMMA = YES;
				CLANG_WARN_CONSTANT_CONVERSION = YES;
				CLANG_WARN_DEPRECATED_OBJC_IMPLEMENTATIONS = YES;
				CLANG_WARN_DIRECT_OBJC_ISA_USAGE = YES_ERROR;
				CLANG_WARN_DOCUMENTATION_COMMENTS = YES;
				CLANG_WARN_EMPTY_BODY = YES;
				CLANG_WARN_ENUM_CONVERSION = YES;
				CLANG_WARN_INFINITE_RECURSION = YES;
				CLANG_WARN_INT_CONVERSION = YES;
				CLANG_WARN_NON_LITERAL_NULL_CONVERSION = YES;
				CLANG_WARN_OBJC_IMPLICIT_RETAIN_SELF = YES;
				CLANG_WARN_OBJC_LITERAL_CONVERSION = YES;
				CLANG_WARN_OBJC_ROOT_CLASS = YES_ERROR;
				CLANG_WARN_QUOTED_INCLUDE_IN_FRAMEWORK_HEADER = YES;
				CLANG_WARN_RANGE_LOOP_ANALYSIS = YES;
				CLANG_WARN_STRICT_PROTOTYPES = YES;
				CLANG_WARN_SUSPICIOUS_MOVE = YES;
				CLANG_WARN_UNGUARDED_AVAILABILITY = YES_AGGRESSIVE;
				CLANG_WARN_UNREACHABLE_CODE = YES;
				CLANG_WARN__DUPLICATE_METHOD_MATCH = YES;
				COPY_PHASE_STRIP = NO;
				DEBUG_INFORMATION_FORMAT = dwarf;
				ENABLE_STRICT_OBJC_MSGSEND = YES;
				ENABLE_TESTABILITY = YES;
				GCC_C_LANGUAGE_STANDARD = gnu11;
				GCC_DYNAMIC_NO_PIC = NO;
				GCC_NO_COMMON_BLOCKS = YES;
				GCC_OPTIMIZATION_LEVEL = 0;
				GCC_PREPROCESSOR_DEFINITIONS = (
					"DEBUG=1",
					"$(inherited)",
				);
				GCC_WARN_64_TO_32_BIT_CONVERSION = YES;
				GCC_WARN_ABOUT_RETURN_TYPE = YES_ERROR;
				GCC_WARN_UNDECLARED_SELECTOR = YES;
				GCC_WARN_UNINITIALIZED_AUTOS = YES_AGGRESSIVE;
				GCC_WARN_UNUSED_FUNCTION = YES;
				GCC_WARN_UNUSED_VARIABLE = YES;
				IPHONEOS_DEPLOYMENT_TARGET = 15.5;
				MTL_ENABLE_DEBUG_INFO = INCLUDE_SOURCE;
				MTL_FAST_MATH = YES;
				ONLY_ACTIVE_ARCH = YES;
				SDKROOT = iphoneos;
				SWIFT_ACTIVE_COMPILATION_CONDITIONS = DEBUG;
				SWIFT_OPTIMIZATION_LEVEL = "-Onone";
			};
			name = Debug;
		};
		E6F1E61728A0473900EA1CE8 /* Release */ = {
			isa = XCBuildConfiguration;
			buildSettings = {
				ALWAYS_SEARCH_USER_PATHS = NO;
				CLANG_ANALYZER_NONNULL = YES;
				CLANG_ANALYZER_NUMBER_OBJECT_CONVERSION = YES_AGGRESSIVE;
				CLANG_CXX_LANGUAGE_STANDARD = "gnu++17";
				CLANG_ENABLE_MODULES = YES;
				CLANG_ENABLE_OBJC_ARC = YES;
				CLANG_ENABLE_OBJC_WEAK = YES;
				CLANG_WARN_BLOCK_CAPTURE_AUTORELEASING = YES;
				CLANG_WARN_BOOL_CONVERSION = YES;
				CLANG_WARN_COMMA = YES;
				CLANG_WARN_CONSTANT_CONVERSION = YES;
				CLANG_WARN_DEPRECATED_OBJC_IMPLEMENTATIONS = YES;
				CLANG_WARN_DIRECT_OBJC_ISA_USAGE = YES_ERROR;
				CLANG_WARN_DOCUMENTATION_COMMENTS = YES;
				CLANG_WARN_EMPTY_BODY = YES;
				CLANG_WARN_ENUM_CONVERSION = YES;
				CLANG_WARN_INFINITE_RECURSION = YES;
				CLANG_WARN_INT_CONVERSION = YES;
				CLANG_WARN_NON_LITERAL_NULL_CONVERSION = YES;
				CLANG_WARN_OBJC_IMPLICIT_RETAIN_SELF = YES;
				CLANG_WARN_OBJC_LITERAL_CONVERSION = YES;
				CLANG_WARN_OBJC_ROOT_CLASS = YES_ERROR;
				CLANG_WARN_QUOTED_INCLUDE_IN_FRAMEWORK_HEADER = YES;
				CLANG_WARN_RANGE_LOOP_ANALYSIS = YES;
				CLANG_WARN_STRICT_PROTOTYPES = YES;
				CLANG_WARN_SUSPICIOUS_MOVE = YES;
				CLANG_WARN_UNGUARDED_AVAILABILITY = YES_AGGRESSIVE;
				CLANG_WARN_UNREACHABLE_CODE = YES;
				CLANG_WARN__DUPLICATE_METHOD_MATCH = YES;
				COPY_PHASE_STRIP = NO;
				DEBUG_INFORMATION_FORMAT = "dwarf-with-dsym";
				ENABLE_NS_ASSERTIONS = NO;
				ENABLE_STRICT_OBJC_MSGSEND = YES;
				GCC_C_LANGUAGE_STANDARD = gnu11;
				GCC_NO_COMMON_BLOCKS = YES;
				GCC_WARN_64_TO_32_BIT_CONVERSION = YES;
				GCC_WARN_ABOUT_RETURN_TYPE = YES_ERROR;
				GCC_WARN_UNDECLARED_SELECTOR = YES;
				GCC_WARN_UNINITIALIZED_AUTOS = YES_AGGRESSIVE;
				GCC_WARN_UNUSED_FUNCTION = YES;
				GCC_WARN_UNUSED_VARIABLE = YES;
				IPHONEOS_DEPLOYMENT_TARGET = 15.5;
				MTL_ENABLE_DEBUG_INFO = NO;
				MTL_FAST_MATH = YES;
				SDKROOT = iphoneos;
				SWIFT_COMPILATION_MODE = wholemodule;
				SWIFT_OPTIMIZATION_LEVEL = "-O";
				VALIDATE_PRODUCT = YES;
			};
			name = Release;
		};
		E6F1E61928A0473900EA1CE8 /* Debug */ = {
			isa = XCBuildConfiguration;
			buildSettings = {
				ASSETCATALOG_COMPILER_APPICON_NAME = AppIcon;
				ASSETCATALOG_COMPILER_GLOBAL_ACCENT_COLOR_NAME = AccentColor;
				CODE_SIGN_STYLE = Automatic;
				CURRENT_PROJECT_VERSION = 1;
				DEVELOPMENT_TEAM = 4XLCJ4259Y;
				GENERATE_INFOPLIST_FILE = YES;
				INFOPLIST_FILE = GitHubClient/Info.plist;
				INFOPLIST_KEY_UIApplicationSupportsIndirectInputEvents = YES;
				INFOPLIST_KEY_UILaunchStoryboardName = LaunchScreen;
				INFOPLIST_KEY_UISupportedInterfaceOrientations_iPad = "UIInterfaceOrientationPortrait UIInterfaceOrientationPortraitUpsideDown UIInterfaceOrientationLandscapeLeft UIInterfaceOrientationLandscapeRight";
				INFOPLIST_KEY_UISupportedInterfaceOrientations_iPhone = "UIInterfaceOrientationPortrait UIInterfaceOrientationLandscapeLeft UIInterfaceOrientationLandscapeRight";
				LD_RUNPATH_SEARCH_PATHS = (
					"$(inherited)",
					"@executable_path/Frameworks",
				);
				MARKETING_VERSION = 1.0;
				PRODUCT_BUNDLE_IDENTIFIER = TeRb1.GitHubClient;
				PRODUCT_NAME = "$(TARGET_NAME)";
				SWIFT_EMIT_LOC_STRINGS = YES;
				SWIFT_VERSION = 5.0;
				TARGETED_DEVICE_FAMILY = "1,2";
			};
			name = Debug;
		};
		E6F1E61A28A0473900EA1CE8 /* Release */ = {
			isa = XCBuildConfiguration;
			buildSettings = {
				ASSETCATALOG_COMPILER_APPICON_NAME = AppIcon;
				ASSETCATALOG_COMPILER_GLOBAL_ACCENT_COLOR_NAME = AccentColor;
				CODE_SIGN_STYLE = Automatic;
				CURRENT_PROJECT_VERSION = 1;
				DEVELOPMENT_TEAM = 4XLCJ4259Y;
				GENERATE_INFOPLIST_FILE = YES;
				INFOPLIST_FILE = GitHubClient/Info.plist;
				INFOPLIST_KEY_UIApplicationSupportsIndirectInputEvents = YES;
				INFOPLIST_KEY_UILaunchStoryboardName = LaunchScreen;
				INFOPLIST_KEY_UISupportedInterfaceOrientations_iPad = "UIInterfaceOrientationPortrait UIInterfaceOrientationPortraitUpsideDown UIInterfaceOrientationLandscapeLeft UIInterfaceOrientationLandscapeRight";
				INFOPLIST_KEY_UISupportedInterfaceOrientations_iPhone = "UIInterfaceOrientationPortrait UIInterfaceOrientationLandscapeLeft UIInterfaceOrientationLandscapeRight";
				LD_RUNPATH_SEARCH_PATHS = (
					"$(inherited)",
					"@executable_path/Frameworks",
				);
				MARKETING_VERSION = 1.0;
				PRODUCT_BUNDLE_IDENTIFIER = TeRb1.GitHubClient;
				PRODUCT_NAME = "$(TARGET_NAME)";
				SWIFT_EMIT_LOC_STRINGS = YES;
				SWIFT_VERSION = 5.0;
				TARGETED_DEVICE_FAMILY = "1,2";
			};
			name = Release;
		};
/* End XCBuildConfiguration section */

/* Begin XCConfigurationList section */
		E6F1E5FF28A0473700EA1CE8 /* Build configuration list for PBXProject "GitHubClient" */ = {
			isa = XCConfigurationList;
			buildConfigurations = (
				E6F1E61628A0473900EA1CE8 /* Debug */,
				E6F1E61728A0473900EA1CE8 /* Release */,
			);
			defaultConfigurationIsVisible = 0;
			defaultConfigurationName = Release;
		};
		E6F1E61828A0473900EA1CE8 /* Build configuration list for PBXNativeTarget "GitHubClient" */ = {
			isa = XCConfigurationList;
			buildConfigurations = (
				E6F1E61928A0473900EA1CE8 /* Debug */,
				E6F1E61A28A0473900EA1CE8 /* Release */,
			);
			defaultConfigurationIsVisible = 0;
			defaultConfigurationName = Release;
		};
/* End XCConfigurationList section */
	};
	rootObject = E6F1E5FC28A0473700EA1CE8 /* Project object */;
}
